// !$*UTF8*$!
{
	archiveVersion = 1;
	classes = {
	};
	objectVersion = 56;
	objects = {

/* Begin PBXBuildFile section */
		CA4D6571287C962600A9D1A6 /* MyContactInfo.swift in Sources */ = {isa = PBXBuildFile; fileRef = CA4D6570287C962600A9D1A6 /* MyContactInfo.swift */; };
		CA55C71B287A4F8400BF42FF /* ApplicationListRowView.swift in Sources */ = {isa = PBXBuildFile; fileRef = CA55C71A287A4F8400BF42FF /* ApplicationListRowView.swift */; };
		CA55C71D287A523500BF42FF /* ApplicationListViewModel.swift in Sources */ = {isa = PBXBuildFile; fileRef = CA55C71C287A523500BF42FF /* ApplicationListViewModel.swift */; };
		CA55C71F287A5C2800BF42FF /* ApplicationEditorView.swift in Sources */ = {isa = PBXBuildFile; fileRef = CA55C71E287A5C2800BF42FF /* ApplicationEditorView.swift */; };
		CA55C721287A5C3D00BF42FF /* ApplicationEditorViewModel.swift in Sources */ = {isa = PBXBuildFile; fileRef = CA55C720287A5C3D00BF42FF /* ApplicationEditorViewModel.swift */; };
		CA55C724287A6BE800BF42FF /* JsHelper in Frameworks */ = {isa = PBXBuildFile; productRef = CA55C723287A6BE800BF42FF /* JsHelper */; };
		CA55C726287A72A800BF42FF /* SortCategories.swift in Sources */ = {isa = PBXBuildFile; fileRef = CA55C725287A72A800BF42FF /* SortCategories.swift */; };
		CA55C728287A753A00BF42FF /* SettingsView.swift in Sources */ = {isa = PBXBuildFile; fileRef = CA55C727287A753A00BF42FF /* SettingsView.swift */; };
		CA55C72A287B8F3000BF42FF /* UserDefaultsExtensions.swift in Sources */ = {isa = PBXBuildFile; fileRef = CA55C729287B8F3000BF42FF /* UserDefaultsExtensions.swift */; };
		CA55C72C287B94BC00BF42FF /* StatusCircleView.swift in Sources */ = {isa = PBXBuildFile; fileRef = CA55C72B287B94BC00BF42FF /* StatusCircleView.swift */; };
		CABFD8C0287BB821005E6CFD /* ContactEditView.swift in Sources */ = {isa = PBXBuildFile; fileRef = CABFD8BF287BB821005E6CFD /* ContactEditView.swift */; };
		CAD12FB0287A384200659BBC /* LoggerApp.swift in Sources */ = {isa = PBXBuildFile; fileRef = CAD12FAF287A384200659BBC /* LoggerApp.swift */; };
		CAD12FB2287A384200659BBC /* MainView.swift in Sources */ = {isa = PBXBuildFile; fileRef = CAD12FB1287A384200659BBC /* MainView.swift */; };
		CAD12FB4287A384200659BBC /* Assets.xcassets in Resources */ = {isa = PBXBuildFile; fileRef = CAD12FB3287A384200659BBC /* Assets.xcassets */; };
		CAD12FB7287A384200659BBC /* Preview Assets.xcassets in Resources */ = {isa = PBXBuildFile; fileRef = CAD12FB6287A384200659BBC /* Preview Assets.xcassets */; };
		CAD12FC6287A39E100659BBC /* Logger.xcdatamodeld in Sources */ = {isa = PBXBuildFile; fileRef = CAD12FC4287A39E100659BBC /* Logger.xcdatamodeld */; };
		CAD12FC8287A3D9200659BBC /* CoreDataManager.swift in Sources */ = {isa = PBXBuildFile; fileRef = CAD12FC7287A3D9200659BBC /* CoreDataManager.swift */; };
		CAD12FCA287A40EE00659BBC /* JobContactModel.swift in Sources */ = {isa = PBXBuildFile; fileRef = CAD12FC9287A40EE00659BBC /* JobContactModel.swift */; };
		CAD12FCC287A40FF00659BBC /* JobApplicationModel.swift in Sources */ = {isa = PBXBuildFile; fileRef = CAD12FCB287A40FF00659BBC /* JobApplicationModel.swift */; };
		CAD12FCE287A497200659BBC /* ApplicationListView.swift in Sources */ = {isa = PBXBuildFile; fileRef = CAD12FCD287A497200659BBC /* ApplicationListView.swift */; };
/* End PBXBuildFile section */

/* Begin PBXFileReference section */
		CA4D6570287C962600A9D1A6 /* MyContactInfo.swift */ = {isa = PBXFileReference; lastKnownFileType = sourcecode.swift; path = MyContactInfo.swift; sourceTree = "<group>"; };
		CA55C71A287A4F8400BF42FF /* ApplicationListRowView.swift */ = {isa = PBXFileReference; lastKnownFileType = sourcecode.swift; path = ApplicationListRowView.swift; sourceTree = "<group>"; };
		CA55C71C287A523500BF42FF /* ApplicationListViewModel.swift */ = {isa = PBXFileReference; lastKnownFileType = sourcecode.swift; path = ApplicationListViewModel.swift; sourceTree = "<group>"; };
		CA55C71E287A5C2800BF42FF /* ApplicationEditorView.swift */ = {isa = PBXFileReference; lastKnownFileType = sourcecode.swift; path = ApplicationEditorView.swift; sourceTree = "<group>"; };
		CA55C720287A5C3D00BF42FF /* ApplicationEditorViewModel.swift */ = {isa = PBXFileReference; lastKnownFileType = sourcecode.swift; path = ApplicationEditorViewModel.swift; sourceTree = "<group>"; };
		CA55C725287A72A800BF42FF /* SortCategories.swift */ = {isa = PBXFileReference; lastKnownFileType = sourcecode.swift; path = SortCategories.swift; sourceTree = "<group>"; };
		CA55C727287A753A00BF42FF /* SettingsView.swift */ = {isa = PBXFileReference; lastKnownFileType = sourcecode.swift; path = SettingsView.swift; sourceTree = "<group>"; };
		CA55C729287B8F3000BF42FF /* UserDefaultsExtensions.swift */ = {isa = PBXFileReference; lastKnownFileType = sourcecode.swift; path = UserDefaultsExtensions.swift; sourceTree = "<group>"; };
		CA55C72B287B94BC00BF42FF /* StatusCircleView.swift */ = {isa = PBXFileReference; lastKnownFileType = sourcecode.swift; path = StatusCircleView.swift; sourceTree = "<group>"; };
		CA824374287C8D3400F17207 /* Logger 3.xcdatamodel */ = {isa = PBXFileReference; lastKnownFileType = wrapper.xcdatamodel; path = "Logger 3.xcdatamodel"; sourceTree = "<group>"; };
		CABFD8BF287BB821005E6CFD /* ContactEditView.swift */ = {isa = PBXFileReference; lastKnownFileType = sourcecode.swift; path = ContactEditView.swift; sourceTree = "<group>"; };
		CABFD8C1287BC126005E6CFD /* Logger 2.xcdatamodel */ = {isa = PBXFileReference; lastKnownFileType = wrapper.xcdatamodel; path = "Logger 2.xcdatamodel"; sourceTree = "<group>"; };
		CAD12FAC287A384200659BBC /* Logger.app */ = {isa = PBXFileReference; explicitFileType = wrapper.application; includeInIndex = 0; path = Logger.app; sourceTree = BUILT_PRODUCTS_DIR; };
		CAD12FAF287A384200659BBC /* LoggerApp.swift */ = {isa = PBXFileReference; lastKnownFileType = sourcecode.swift; path = LoggerApp.swift; sourceTree = "<group>"; };
		CAD12FB1287A384200659BBC /* MainView.swift */ = {isa = PBXFileReference; lastKnownFileType = sourcecode.swift; path = MainView.swift; sourceTree = "<group>"; };
		CAD12FB3287A384200659BBC /* Assets.xcassets */ = {isa = PBXFileReference; lastKnownFileType = folder.assetcatalog; path = Assets.xcassets; sourceTree = "<group>"; };
		CAD12FB6287A384200659BBC /* Preview Assets.xcassets */ = {isa = PBXFileReference; lastKnownFileType = folder.assetcatalog; path = "Preview Assets.xcassets"; sourceTree = "<group>"; };
		CAD12FC5287A39E100659BBC /* Logger.xcdatamodel */ = {isa = PBXFileReference; lastKnownFileType = wrapper.xcdatamodel; path = Logger.xcdatamodel; sourceTree = "<group>"; };
		CAD12FC7287A3D9200659BBC /* CoreDataManager.swift */ = {isa = PBXFileReference; lastKnownFileType = sourcecode.swift; path = CoreDataManager.swift; sourceTree = "<group>"; };
		CAD12FC9287A40EE00659BBC /* JobContactModel.swift */ = {isa = PBXFileReference; lastKnownFileType = sourcecode.swift; path = JobContactModel.swift; sourceTree = "<group>"; };
		CAD12FCB287A40FF00659BBC /* JobApplicationModel.swift */ = {isa = PBXFileReference; lastKnownFileType = sourcecode.swift; path = JobApplicationModel.swift; sourceTree = "<group>"; };
		CAD12FCD287A497200659BBC /* ApplicationListView.swift */ = {isa = PBXFileReference; lastKnownFileType = sourcecode.swift; path = ApplicationListView.swift; sourceTree = "<group>"; };
/* End PBXFileReference section */

/* Begin PBXFrameworksBuildPhase section */
		CAD12FA9287A384200659BBC /* Frameworks */ = {
			isa = PBXFrameworksBuildPhase;
			buildActionMask = 2147483647;
			files = (
				CA55C724287A6BE800BF42FF /* JsHelper in Frameworks */,
			);
			runOnlyForDeploymentPostprocessing = 0;
		};
/* End PBXFrameworksBuildPhase section */

/* Begin PBXGroup section */
		CA55C719287A4F6400BF42FF /* Application */ = {
			isa = PBXGroup;
			children = (
				CAD12FCD287A497200659BBC /* ApplicationListView.swift */,
				CA55C71A287A4F8400BF42FF /* ApplicationListRowView.swift */,
				CA55C71E287A5C2800BF42FF /* ApplicationEditorView.swift */,
				CABFD8BF287BB821005E6CFD /* ContactEditView.swift */,
			);
			path = Application;
			sourceTree = "<group>";
		};
		CAD12FA3287A384200659BBC = {
			isa = PBXGroup;
			children = (
				CAD12FAE287A384200659BBC /* Logger */,
				CAD12FAD287A384200659BBC /* Products */,
			);
			sourceTree = "<group>";
		};
		CAD12FAD287A384200659BBC /* Products */ = {
			isa = PBXGroup;
			children = (
				CAD12FAC287A384200659BBC /* Logger.app */,
			);
			name = Products;
			sourceTree = "<group>";
		};
		CAD12FAE287A384200659BBC /* Logger */ = {
			isa = PBXGroup;
			children = (
				CAD12FC0287A391600659BBC /* Shared */,
				CAD12FBF287A390F00659BBC /* ViewModels */,
				CAD12FBE287A38FE00659BBC /* Models */,
				CAD12FBD287A38DF00659BBC /* Views */,
				CAD12FAF287A384200659BBC /* LoggerApp.swift */,
				CAD12FB3287A384200659BBC /* Assets.xcassets */,
				CAD12FB5287A384200659BBC /* Preview Content */,
			);
			path = Logger;
			sourceTree = "<group>";
		};
		CAD12FB5287A384200659BBC /* Preview Content */ = {
			isa = PBXGroup;
			children = (
				CAD12FB6287A384200659BBC /* Preview Assets.xcassets */,
			);
			path = "Preview Content";
			sourceTree = "<group>";
		};
		CAD12FBD287A38DF00659BBC /* Views */ = {
			isa = PBXGroup;
			children = (
				CA55C719287A4F6400BF42FF /* Application */,
				CAD12FB1287A384200659BBC /* MainView.swift */,
				CA55C727287A753A00BF42FF /* SettingsView.swift */,
				CA55C72B287B94BC00BF42FF /* StatusCircleView.swift */,
			);
			path = Views;
			sourceTree = "<group>";
		};
		CAD12FBE287A38FE00659BBC /* Models */ = {
			isa = PBXGroup;
			children = (
				CAD12FC4287A39E100659BBC /* Logger.xcdatamodeld */,
				CAD12FC7287A3D9200659BBC /* CoreDataManager.swift */,
				CAD12FC9287A40EE00659BBC /* JobContactModel.swift */,
				CAD12FCB287A40FF00659BBC /* JobApplicationModel.swift */,
			);
			path = Models;
			sourceTree = "<group>";
		};
		CAD12FBF287A390F00659BBC /* ViewModels */ = {
			isa = PBXGroup;
			children = (
				CA55C71C287A523500BF42FF /* ApplicationListViewModel.swift */,
				CA55C720287A5C3D00BF42FF /* ApplicationEditorViewModel.swift */,
			);
			path = ViewModels;
			sourceTree = "<group>";
		};
		CAD12FC0287A391600659BBC /* Shared */ = {
			isa = PBXGroup;
			children = (
				CA55C725287A72A800BF42FF /* SortCategories.swift */,
				CA55C729287B8F3000BF42FF /* UserDefaultsExtensions.swift */,
				CA4D6570287C962600A9D1A6 /* MyContactInfo.swift */,
			);
			path = Shared;
			sourceTree = "<group>";
		};
/* End PBXGroup section */

/* Begin PBXNativeTarget section */
		CAD12FAB287A384200659BBC /* Logger */ = {
			isa = PBXNativeTarget;
			buildConfigurationList = CAD12FBA287A384200659BBC /* Build configuration list for PBXNativeTarget "Logger" */;
			buildPhases = (
				CAD12FA8287A384200659BBC /* Sources */,
				CAD12FA9287A384200659BBC /* Frameworks */,
				CAD12FAA287A384200659BBC /* Resources */,
			);
			buildRules = (
			);
			dependencies = (
			);
			name = Logger;
			packageProductDependencies = (
				CA55C723287A6BE800BF42FF /* JsHelper */,
			);
			productName = Logger;
			productReference = CAD12FAC287A384200659BBC /* Logger.app */;
			productType = "com.apple.product-type.application";
		};
/* End PBXNativeTarget section */

/* Begin PBXProject section */
		CAD12FA4287A384200659BBC /* Project object */ = {
			isa = PBXProject;
			attributes = {
				BuildIndependentTargetsInParallel = 1;
				LastSwiftUpdateCheck = 1400;
				LastUpgradeCheck = 1400;
				TargetAttributes = {
					CAD12FAB287A384200659BBC = {
						CreatedOnToolsVersion = 14.0;
					};
				};
			};
			buildConfigurationList = CAD12FA7287A384200659BBC /* Build configuration list for PBXProject "Logger" */;
			compatibilityVersion = "Xcode 14.0";
			developmentRegion = en;
			hasScannedForEncodings = 0;
			knownRegions = (
				en,
				Base,
			);
			mainGroup = CAD12FA3287A384200659BBC;
			packageReferences = (
				CA55C722287A6BE800BF42FF /* XCRemoteSwiftPackageReference "JsHelper" */,
			);
			productRefGroup = CAD12FAD287A384200659BBC /* Products */;
			projectDirPath = "";
			projectRoot = "";
			targets = (
				CAD12FAB287A384200659BBC /* Logger */,
			);
		};
/* End PBXProject section */

/* Begin PBXResourcesBuildPhase section */
		CAD12FAA287A384200659BBC /* Resources */ = {
			isa = PBXResourcesBuildPhase;
			buildActionMask = 2147483647;
			files = (
				CAD12FB7287A384200659BBC /* Preview Assets.xcassets in Resources */,
				CAD12FB4287A384200659BBC /* Assets.xcassets in Resources */,
			);
			runOnlyForDeploymentPostprocessing = 0;
		};
/* End PBXResourcesBuildPhase section */

/* Begin PBXSourcesBuildPhase section */
		CAD12FA8287A384200659BBC /* Sources */ = {
			isa = PBXSourcesBuildPhase;
			buildActionMask = 2147483647;
			files = (
				CAD12FCE287A497200659BBC /* ApplicationListView.swift in Sources */,
				CAD12FCC287A40FF00659BBC /* JobApplicationModel.swift in Sources */,
				CA55C71F287A5C2800BF42FF /* ApplicationEditorView.swift in Sources */,
				CA55C721287A5C3D00BF42FF /* ApplicationEditorViewModel.swift in Sources */,
				CA55C72A287B8F3000BF42FF /* UserDefaultsExtensions.swift in Sources */,
				CA55C71B287A4F8400BF42FF /* ApplicationListRowView.swift in Sources */,
				CAD12FB2287A384200659BBC /* MainView.swift in Sources */,
				CAD12FB0287A384200659BBC /* LoggerApp.swift in Sources */,
				CA55C72C287B94BC00BF42FF /* StatusCircleView.swift in Sources */,
				CAD12FC8287A3D9200659BBC /* CoreDataManager.swift in Sources */,
				CAD12FCA287A40EE00659BBC /* JobContactModel.swift in Sources */,
				CA55C726287A72A800BF42FF /* SortCategories.swift in Sources */,
				CA4D6571287C962600A9D1A6 /* MyContactInfo.swift in Sources */,
				CAD12FC6287A39E100659BBC /* Logger.xcdatamodeld in Sources */,
				CABFD8C0287BB821005E6CFD /* ContactEditView.swift in Sources */,
				CA55C71D287A523500BF42FF /* ApplicationListViewModel.swift in Sources */,
				CA55C728287A753A00BF42FF /* SettingsView.swift in Sources */,
			);
			runOnlyForDeploymentPostprocessing = 0;
		};
/* End PBXSourcesBuildPhase section */

/* Begin XCBuildConfiguration section */
		CAD12FB8287A384200659BBC /* Debug */ = {
			isa = XCBuildConfiguration;
			buildSettings = {
				ALWAYS_SEARCH_USER_PATHS = NO;
				CLANG_ANALYZER_NONNULL = YES;
				CLANG_ANALYZER_NUMBER_OBJECT_CONVERSION = YES_AGGRESSIVE;
				CLANG_CXX_LANGUAGE_STANDARD = "gnu++17";
				CLANG_ENABLE_MODULES = YES;
				CLANG_ENABLE_OBJC_ARC = YES;
				CLANG_ENABLE_OBJC_WEAK = YES;
				CLANG_WARN_BLOCK_CAPTURE_AUTORELEASING = YES;
				CLANG_WARN_BOOL_CONVERSION = YES;
				CLANG_WARN_COMMA = YES;
				CLANG_WARN_CONSTANT_CONVERSION = YES;
				CLANG_WARN_DEPRECATED_OBJC_IMPLEMENTATIONS = YES;
				CLANG_WARN_DIRECT_OBJC_ISA_USAGE = YES_ERROR;
				CLANG_WARN_DOCUMENTATION_COMMENTS = YES;
				CLANG_WARN_EMPTY_BODY = YES;
				CLANG_WARN_ENUM_CONVERSION = YES;
				CLANG_WARN_INFINITE_RECURSION = YES;
				CLANG_WARN_INT_CONVERSION = YES;
				CLANG_WARN_NON_LITERAL_NULL_CONVERSION = YES;
				CLANG_WARN_OBJC_IMPLICIT_RETAIN_SELF = YES;
				CLANG_WARN_OBJC_LITERAL_CONVERSION = YES;
				CLANG_WARN_OBJC_ROOT_CLASS = YES_ERROR;
				CLANG_WARN_QUOTED_INCLUDE_IN_FRAMEWORK_HEADER = YES;
				CLANG_WARN_RANGE_LOOP_ANALYSIS = YES;
				CLANG_WARN_STRICT_PROTOTYPES = YES;
				CLANG_WARN_SUSPICIOUS_MOVE = YES;
				CLANG_WARN_UNGUARDED_AVAILABILITY = YES_AGGRESSIVE;
				CLANG_WARN_UNREACHABLE_CODE = YES;
				CLANG_WARN__DUPLICATE_METHOD_MATCH = YES;
				COPY_PHASE_STRIP = NO;
				DEBUG_INFORMATION_FORMAT = dwarf;
				ENABLE_STRICT_OBJC_MSGSEND = YES;
				ENABLE_TESTABILITY = YES;
				GCC_C_LANGUAGE_STANDARD = gnu11;
				GCC_DYNAMIC_NO_PIC = NO;
				GCC_NO_COMMON_BLOCKS = YES;
				GCC_OPTIMIZATION_LEVEL = 0;
				GCC_PREPROCESSOR_DEFINITIONS = (
					"DEBUG=1",
					"$(inherited)",
				);
				GCC_WARN_64_TO_32_BIT_CONVERSION = YES;
				GCC_WARN_ABOUT_RETURN_TYPE = YES_ERROR;
				GCC_WARN_UNDECLARED_SELECTOR = YES;
				GCC_WARN_UNINITIALIZED_AUTOS = YES_AGGRESSIVE;
				GCC_WARN_UNUSED_FUNCTION = YES;
				GCC_WARN_UNUSED_VARIABLE = YES;
				IPHONEOS_DEPLOYMENT_TARGET = 16.0;
				MTL_ENABLE_DEBUG_INFO = INCLUDE_SOURCE;
				MTL_FAST_MATH = YES;
				ONLY_ACTIVE_ARCH = YES;
				SDKROOT = iphoneos;
				SWIFT_ACTIVE_COMPILATION_CONDITIONS = DEBUG;
				SWIFT_OPTIMIZATION_LEVEL = "-Onone";
			};
			name = Debug;
		};
		CAD12FB9287A384200659BBC /* Release */ = {
			isa = XCBuildConfiguration;
			buildSettings = {
				ALWAYS_SEARCH_USER_PATHS = NO;
				CLANG_ANALYZER_NONNULL = YES;
				CLANG_ANALYZER_NUMBER_OBJECT_CONVERSION = YES_AGGRESSIVE;
				CLANG_CXX_LANGUAGE_STANDARD = "gnu++17";
				CLANG_ENABLE_MODULES = YES;
				CLANG_ENABLE_OBJC_ARC = YES;
				CLANG_ENABLE_OBJC_WEAK = YES;
				CLANG_WARN_BLOCK_CAPTURE_AUTORELEASING = YES;
				CLANG_WARN_BOOL_CONVERSION = YES;
				CLANG_WARN_COMMA = YES;
				CLANG_WARN_CONSTANT_CONVERSION = YES;
				CLANG_WARN_DEPRECATED_OBJC_IMPLEMENTATIONS = YES;
				CLANG_WARN_DIRECT_OBJC_ISA_USAGE = YES_ERROR;
				CLANG_WARN_DOCUMENTATION_COMMENTS = YES;
				CLANG_WARN_EMPTY_BODY = YES;
				CLANG_WARN_ENUM_CONVERSION = YES;
				CLANG_WARN_INFINITE_RECURSION = YES;
				CLANG_WARN_INT_CONVERSION = YES;
				CLANG_WARN_NON_LITERAL_NULL_CONVERSION = YES;
				CLANG_WARN_OBJC_IMPLICIT_RETAIN_SELF = YES;
				CLANG_WARN_OBJC_LITERAL_CONVERSION = YES;
				CLANG_WARN_OBJC_ROOT_CLASS = YES_ERROR;
				CLANG_WARN_QUOTED_INCLUDE_IN_FRAMEWORK_HEADER = YES;
				CLANG_WARN_RANGE_LOOP_ANALYSIS = YES;
				CLANG_WARN_STRICT_PROTOTYPES = YES;
				CLANG_WARN_SUSPICIOUS_MOVE = YES;
				CLANG_WARN_UNGUARDED_AVAILABILITY = YES_AGGRESSIVE;
				CLANG_WARN_UNREACHABLE_CODE = YES;
				CLANG_WARN__DUPLICATE_METHOD_MATCH = YES;
				COPY_PHASE_STRIP = NO;
				DEBUG_INFORMATION_FORMAT = "dwarf-with-dsym";
				ENABLE_NS_ASSERTIONS = NO;
				ENABLE_STRICT_OBJC_MSGSEND = YES;
				GCC_C_LANGUAGE_STANDARD = gnu11;
				GCC_NO_COMMON_BLOCKS = YES;
				GCC_WARN_64_TO_32_BIT_CONVERSION = YES;
				GCC_WARN_ABOUT_RETURN_TYPE = YES_ERROR;
				GCC_WARN_UNDECLARED_SELECTOR = YES;
				GCC_WARN_UNINITIALIZED_AUTOS = YES_AGGRESSIVE;
				GCC_WARN_UNUSED_FUNCTION = YES;
				GCC_WARN_UNUSED_VARIABLE = YES;
				IPHONEOS_DEPLOYMENT_TARGET = 16.0;
				MTL_ENABLE_DEBUG_INFO = NO;
				MTL_FAST_MATH = YES;
				SDKROOT = iphoneos;
				SWIFT_COMPILATION_MODE = wholemodule;
				SWIFT_OPTIMIZATION_LEVEL = "-O";
				VALIDATE_PRODUCT = YES;
			};
			name = Release;
		};
		CAD12FBB287A384200659BBC /* Debug */ = {
			isa = XCBuildConfiguration;
			buildSettings = {
				ASSETCATALOG_COMPILER_APPICON_NAME = AppIcon;
				ASSETCATALOG_COMPILER_GLOBAL_ACCENT_COLOR_NAME = AccentColor;
				CODE_SIGN_STYLE = Automatic;
				CURRENT_PROJECT_VERSION = 1;
				DEVELOPMENT_ASSET_PATHS = "\"Logger/Preview Content\"";
				DEVELOPMENT_TEAM = HB3E67YK35;
				ENABLE_PREVIEWS = YES;
				GENERATE_INFOPLIST_FILE = YES;
				INFOPLIST_KEY_LSApplicationCategoryType = "public.app-category.business";
				INFOPLIST_KEY_UIApplicationSceneManifest_Generation = YES;
				INFOPLIST_KEY_UIApplicationSupportsIndirectInputEvents = YES;
				INFOPLIST_KEY_UILaunchScreen_Generation = YES;
				INFOPLIST_KEY_UIRequiresFullScreen = YES;
				INFOPLIST_KEY_UISupportedInterfaceOrientations = UIInterfaceOrientationPortrait;
				INFOPLIST_KEY_UISupportedInterfaceOrientations_iPad = "UIInterfaceOrientationLandscapeLeft UIInterfaceOrientationLandscapeRight UIInterfaceOrientationPortraitUpsideDown";
				IPHONEOS_DEPLOYMENT_TARGET = 15.0;
				LD_RUNPATH_SEARCH_PATHS = (
					"$(inherited)",
					"@executable_path/Frameworks",
				);
				MARKETING_VERSION = 1.0;
				PRODUCT_BUNDLE_IDENTIFIER = com.jemalvarez.Logger;
				PRODUCT_NAME = "$(TARGET_NAME)";
				SWIFT_EMIT_LOC_STRINGS = YES;
				SWIFT_VERSION = 5.0;
				TARGETED_DEVICE_FAMILY = "1,2";
			};
			name = Debug;
		};
		CAD12FBC287A384200659BBC /* Release */ = {
			isa = XCBuildConfiguration;
			buildSettings = {
				ASSETCATALOG_COMPILER_APPICON_NAME = AppIcon;
				ASSETCATALOG_COMPILER_GLOBAL_ACCENT_COLOR_NAME = AccentColor;
				CODE_SIGN_STYLE = Automatic;
				CURRENT_PROJECT_VERSION = 1;
				DEVELOPMENT_ASSET_PATHS = "\"Logger/Preview Content\"";
				DEVELOPMENT_TEAM = HB3E67YK35;
				ENABLE_PREVIEWS = YES;
				GENERATE_INFOPLIST_FILE = YES;
				INFOPLIST_KEY_LSApplicationCategoryType = "public.app-category.business";
				INFOPLIST_KEY_UIApplicationSceneManifest_Generation = YES;
				INFOPLIST_KEY_UIApplicationSupportsIndirectInputEvents = YES;
				INFOPLIST_KEY_UILaunchScreen_Generation = YES;
				INFOPLIST_KEY_UIRequiresFullScreen = YES;
				INFOPLIST_KEY_UISupportedInterfaceOrientations = UIInterfaceOrientationPortrait;
				INFOPLIST_KEY_UISupportedInterfaceOrientations_iPad = "UIInterfaceOrientationLandscapeLeft UIInterfaceOrientationLandscapeRight UIInterfaceOrientationPortraitUpsideDown";
				IPHONEOS_DEPLOYMENT_TARGET = 15.0;
				LD_RUNPATH_SEARCH_PATHS = (
					"$(inherited)",
					"@executable_path/Frameworks",
				);
				MARKETING_VERSION = 1.0;
				PRODUCT_BUNDLE_IDENTIFIER = com.jemalvarez.Logger;
				PRODUCT_NAME = "$(TARGET_NAME)";
				SWIFT_EMIT_LOC_STRINGS = YES;
				SWIFT_VERSION = 5.0;
				TARGETED_DEVICE_FAMILY = "1,2";
			};
			name = Release;
		};
/* End XCBuildConfiguration section */

/* Begin XCConfigurationList section */
		CAD12FA7287A384200659BBC /* Build configuration list for PBXProject "Logger" */ = {
			isa = XCConfigurationList;
			buildConfigurations = (
				CAD12FB8287A384200659BBC /* Debug */,
				CAD12FB9287A384200659BBC /* Release */,
			);
			defaultConfigurationIsVisible = 0;
			defaultConfigurationName = Release;
		};
		CAD12FBA287A384200659BBC /* Build configuration list for PBXNativeTarget "Logger" */ = {
			isa = XCConfigurationList;
			buildConfigurations = (
				CAD12FBB287A384200659BBC /* Debug */,
				CAD12FBC287A384200659BBC /* Release */,
			);
			defaultConfigurationIsVisible = 0;
			defaultConfigurationName = Release;
		};
/* End XCConfigurationList section */

/* Begin XCRemoteSwiftPackageReference section */
		CA55C722287A6BE800BF42FF /* XCRemoteSwiftPackageReference "JsHelper" */ = {
			isa = XCRemoteSwiftPackageReference;
			repositoryURL = "https://github.com/JemAlvarez/JsHelper";
			requirement = {
				branch = master;
				kind = branch;
			};
		};
/* End XCRemoteSwiftPackageReference section */

/* Begin XCSwiftPackageProductDependency section */
		CA55C723287A6BE800BF42FF /* JsHelper */ = {
			isa = XCSwiftPackageProductDependency;
			package = CA55C722287A6BE800BF42FF /* XCRemoteSwiftPackageReference "JsHelper" */;
			productName = JsHelper;
		};
/* End XCSwiftPackageProductDependency section */

/* Begin XCVersionGroup section */
		CAD12FC4287A39E100659BBC /* Logger.xcdatamodeld */ = {
			isa = XCVersionGroup;
			children = (
				CA824374287C8D3400F17207 /* Logger 3.xcdatamodel */,
				CABFD8C1287BC126005E6CFD /* Logger 2.xcdatamodel */,
				CAD12FC5287A39E100659BBC /* Logger.xcdatamodel */,
			);
			currentVersion = CA824374287C8D3400F17207 /* Logger 3.xcdatamodel */;
			path = Logger.xcdatamodeld;
			sourceTree = "<group>";
			versionGroupType = wrapper.xcdatamodel;
		};
/* End XCVersionGroup section */
	};
	rootObject = CAD12FA4287A384200659BBC /* Project object */;
}
